
Microsoft Visual Studio Solution File, Format Version 12.00
# Visual Studio Version 17
VisualStudioVersion = 17.7.34202.233
MinimumVisualStudioVersion = 10.0.40219.1
Project("{9A19103F-16F7-4668-BE54-9A1E7A4F7556}") = "HesapMakinesi", "HesapMakinesi\HesapMakinesi.csproj", "{590A23DF-3939-42D0-8D73-866E83411BC7}"
EndProject
Global
	GlobalSection(SolutionConfigurationPlatforms) = preSolution
		Debug|Any CPU = Debug|Any CPU
		Release|Any CPU = Release|Any CPU
	EndGlobalSection
	GlobalSection(ProjectConfigurationPlatforms) = postSolution
		{590A23DF-3939-42D0-8D73-866E83411BC7}.Debug|Any CPU.ActiveCfg = Debug|Any CPU
		{590A23DF-3939-42D0-8D73-866E83411BC7}.Debug|Any CPU.Build.0 = Debug|Any CPU
		{590A23DF-3939-42D0-8D73-866E83411BC7}.Release|Any CPU.ActiveCfg = Release|Any CPU
		{590A23DF-3939-42D0-8D73-866E83411BC7}.Release|Any CPU.Build.0 = Release|Any CPU
	EndGlobalSection
	GlobalSection(SolutionProperties) = preSolution
		HideSolutionNode = FALSE
	EndGlobalSection
	GlobalSection(ExtensibilityGlobals) = postSolution
		SolutionGuid = {17CE21CB-2D49-4CE5-9801-97E3AB9287B6}
	EndGlobalSection
EndGlobal
